
Microsoft Visual Studio Solution File, Format Version 12.00
# Visual Studio Version 17
VisualStudioVersion = 17.13.35825.156
MinimumVisualStudioVersion = 10.0.40219.1
Project("{FAE04EC0-301F-11D3-BF4B-00C04F79EFBC}") = "GetScheduledTasksGQI", "GetScheduledTasksGQI\GetScheduledTasksGQI.csproj", "{0ED85FB2-890B-4486-BB4C-C3CBA7AB8617}"
EndProject
Project("{2150E333-8FDC-42A3-9474-1A3956D46DE8}") = "Internal", "Internal", "{02EA681E-C7D8-13C7-8484-4AC65E1B71E8}"
EndProject
Project("{2150E333-8FDC-42A3-9474-1A3956D46DE8}") = "Code Analysis", "Code Analysis", "{72E02B72-547F-4A4A-B902-75DFE614EB35}"
	ProjectSection(SolutionItems) = preProject
		Internal\Code Analysis\qaction-debug.ruleset = Internal\Code Analysis\qaction-debug.ruleset
		Internal\Code Analysis\qaction-release.ruleset = Internal\Code Analysis\qaction-release.ruleset
		Internal\Code Analysis\stylecop.json = Internal\Code Analysis\stylecop.json
	EndProjectSection
EndProject
Project("{FAE04EC0-301F-11D3-BF4B-00C04F79EFBC}") = "SchedulerTasksGetter", "SchedulerTasksGetter\SchedulerTasksGetter.csproj", "{7AFCF93E-5CBC-457E-B135-9779C599DBD0}"
EndProject
Project("{FAE04EC0-301F-11D3-BF4B-00C04F79EFBC}") = "ScehdulerTasks", "ScehdulerTasks\ScehdulerTasks.csproj", "{E1D42FD6-972C-47EE-AAA4-15E78AB83673}"
EndProject
Global
	GlobalSection(SolutionConfigurationPlatforms) = preSolution
		Debug|Any CPU = Debug|Any CPU
		Release|Any CPU = Release|Any CPU
	EndGlobalSection
	GlobalSection(ProjectConfigurationPlatforms) = postSolution
		{0ED85FB2-890B-4486-BB4C-C3CBA7AB8617}.Debug|Any CPU.ActiveCfg = Debug|Any CPU
		{0ED85FB2-890B-4486-BB4C-C3CBA7AB8617}.Debug|Any CPU.Build.0 = Debug|Any CPU
		{0ED85FB2-890B-4486-BB4C-C3CBA7AB8617}.Release|Any CPU.ActiveCfg = Release|Any CPU
		{0ED85FB2-890B-4486-BB4C-C3CBA7AB8617}.Release|Any CPU.Build.0 = Release|Any CPU
		{7AFCF93E-5CBC-457E-B135-9779C599DBD0}.Debug|Any CPU.ActiveCfg = Debug|Any CPU
		{7AFCF93E-5CBC-457E-B135-9779C599DBD0}.Debug|Any CPU.Build.0 = Debug|Any CPU
		{7AFCF93E-5CBC-457E-B135-9779C599DBD0}.Release|Any CPU.ActiveCfg = Release|Any CPU
		{7AFCF93E-5CBC-457E-B135-9779C599DBD0}.Release|Any CPU.Build.0 = Release|Any CPU
		{E1D42FD6-972C-47EE-AAA4-15E78AB83673}.Debug|Any CPU.ActiveCfg = Debug|Any CPU
		{E1D42FD6-972C-47EE-AAA4-15E78AB83673}.Debug|Any CPU.Build.0 = Debug|Any CPU
		{E1D42FD6-972C-47EE-AAA4-15E78AB83673}.Release|Any CPU.ActiveCfg = Release|Any CPU
		{E1D42FD6-972C-47EE-AAA4-15E78AB83673}.Release|Any CPU.Build.0 = Release|Any CPU
	EndGlobalSection
	GlobalSection(SolutionProperties) = preSolution
		HideSolutionNode = FALSE
	EndGlobalSection
	GlobalSection(NestedProjects) = preSolution
		{72E02B72-547F-4A4A-B902-75DFE614EB35} = {02EA681E-C7D8-13C7-8484-4AC65E1B71E8}
	EndGlobalSection
	GlobalSection(ExtensibilityGlobals) = postSolution
		SolutionGuid = {F98C5D8E-AC9B-4497-A060-0E6BADE91501}
	EndGlobalSection
EndGlobal
